
Microsoft Visual Studio Solution File, Format Version 12.00
# Visual Studio 2012
Project("{FAE04EC0-301F-11D3-BF4B-00C04F79EFBC}") = "DXApplicationExportToExel", "DXApplicationExportToExel\DXApplicationExportToExel.csproj", "{5FEB91B7-1501-4D3D-A35A-7B5CA09B462D}"
EndProject
Global
	GlobalSection(SolutionConfigurationPlatforms) = preSolution
		Debug|Any CPU = Debug|Any CPU
		Release|Any CPU = Release|Any CPU
	EndGlobalSection
	GlobalSection(ProjectConfigurationPlatforms) = postSolution
		{5FEB91B7-1501-4D3D-A35A-7B5CA09B462D}.Debug|Any CPU.ActiveCfg = Debug|Any CPU
		{5FEB91B7-1501-4D3D-A35A-7B5CA09B462D}.Debug|Any CPU.Build.0 = Debug|Any CPU
		{5FEB91B7-1501-4D3D-A35A-7B5CA09B462D}.Release|Any CPU.ActiveCfg = Release|Any CPU
		{5FEB91B7-1501-4D3D-A35A-7B5CA09B462D}.Release|Any CPU.Build.0 = Release|Any CPU
	EndGlobalSection
	GlobalSection(SolutionProperties) = preSolution
		HideSolutionNode = FALSE
	EndGlobalSection
EndGlobal
